
Microsoft Visual Studio Solution File, Format Version 12.00
# Visual Studio 15
VisualStudioVersion = 15.0.28010.2046
MinimumVisualStudioVersion = 10.0.40219.1
Project("{FAE04EC0-301F-11D3-BF4B-00C04F79EFBC}") = "Selling_Mobile", "Selling_Mobile\Selling_Mobile.csproj", "{47AEB995-4A89-4B52-837C-409F9009499D}"
EndProject
Global
	GlobalSection(SolutionConfigurationPlatforms) = preSolution
		Debug|Any CPU = Debug|Any CPU
		Release|Any CPU = Release|Any CPU
	EndGlobalSection
	GlobalSection(ProjectConfigurationPlatforms) = postSolution
		{47AEB995-4A89-4B52-837C-409F9009499D}.Debug|Any CPU.ActiveCfg = Debug|Any CPU
		{47AEB995-4A89-4B52-837C-409F9009499D}.Debug|Any CPU.Build.0 = Debug|Any CPU
		{47AEB995-4A89-4B52-837C-409F9009499D}.Release|Any CPU.ActiveCfg = Release|Any CPU
		{47AEB995-4A89-4B52-837C-409F9009499D}.Release|Any CPU.Build.0 = Release|Any CPU
	EndGlobalSection
	GlobalSection(SolutionProperties) = preSolution
		HideSolutionNode = FALSE
	EndGlobalSection
	GlobalSection(ExtensibilityGlobals) = postSolution
		SolutionGuid = {4CFC7C20-9E2A-4C17-BD67-759C65036BEC}
	EndGlobalSection
EndGlobal
